
Microsoft Visual Studio Solution File, Format Version 12.00
Project("{FAE04EC0-301F-11D3-BF4B-00C04F79EFBC}") = "ProxyPatternCaching.API", "ProxyPatternCaching.API\ProxyPatternCaching.API.csproj", "{52E88210-AF7B-4E24-9C16-2F97EE42BFFD}"
EndProject
Project("{FAE04EC0-301F-11D3-BF4B-00C04F79EFBC}") = "ProxyPatternCaching.Domain", "ProxyPatternCaching.Domain\ProxyPatternCaching.Domain.csproj", "{FF4FA07D-5ED7-47C1-997D-684D000E7CA1}"
EndProject
Project("{FAE04EC0-301F-11D3-BF4B-00C04F79EFBC}") = "ProxyPatternCaching.Application", "ProxyPatternCaching.Application\ProxyPatternCaching.Application.csproj", "{7CCE8582-80FE-4F97-B040-CBE5465467AE}"
EndProject
Project("{FAE04EC0-301F-11D3-BF4B-00C04F79EFBC}") = "ProxyPatternCaching.Infrastructure", "ProxyPatternCaching.Infrastructure\ProxyPatternCaching.Infrastructure.csproj", "{C158487F-0F54-4487-AA9D-D679A5A43EB2}"
EndProject
Global
	GlobalSection(SolutionConfigurationPlatforms) = preSolution
		Debug|Any CPU = Debug|Any CPU
		Release|Any CPU = Release|Any CPU
	EndGlobalSection
	GlobalSection(ProjectConfigurationPlatforms) = postSolution
		{52E88210-AF7B-4E24-9C16-2F97EE42BFFD}.Debug|Any CPU.ActiveCfg = Debug|Any CPU
		{52E88210-AF7B-4E24-9C16-2F97EE42BFFD}.Debug|Any CPU.Build.0 = Debug|Any CPU
		{52E88210-AF7B-4E24-9C16-2F97EE42BFFD}.Release|Any CPU.ActiveCfg = Release|Any CPU
		{52E88210-AF7B-4E24-9C16-2F97EE42BFFD}.Release|Any CPU.Build.0 = Release|Any CPU
		{FF4FA07D-5ED7-47C1-997D-684D000E7CA1}.Debug|Any CPU.ActiveCfg = Debug|Any CPU
		{FF4FA07D-5ED7-47C1-997D-684D000E7CA1}.Debug|Any CPU.Build.0 = Debug|Any CPU
		{FF4FA07D-5ED7-47C1-997D-684D000E7CA1}.Release|Any CPU.ActiveCfg = Release|Any CPU
		{FF4FA07D-5ED7-47C1-997D-684D000E7CA1}.Release|Any CPU.Build.0 = Release|Any CPU
		{7CCE8582-80FE-4F97-B040-CBE5465467AE}.Debug|Any CPU.ActiveCfg = Debug|Any CPU
		{7CCE8582-80FE-4F97-B040-CBE5465467AE}.Debug|Any CPU.Build.0 = Debug|Any CPU
		{7CCE8582-80FE-4F97-B040-CBE5465467AE}.Release|Any CPU.ActiveCfg = Release|Any CPU
		{7CCE8582-80FE-4F97-B040-CBE5465467AE}.Release|Any CPU.Build.0 = Release|Any CPU
		{C158487F-0F54-4487-AA9D-D679A5A43EB2}.Debug|Any CPU.ActiveCfg = Debug|Any CPU
		{C158487F-0F54-4487-AA9D-D679A5A43EB2}.Debug|Any CPU.Build.0 = Debug|Any CPU
		{C158487F-0F54-4487-AA9D-D679A5A43EB2}.Release|Any CPU.ActiveCfg = Release|Any CPU
		{C158487F-0F54-4487-AA9D-D679A5A43EB2}.Release|Any CPU.Build.0 = Release|Any CPU
	EndGlobalSection
EndGlobal
